
Microsoft Visual Studio Solution File, Format Version 12.00
# Visual Studio Version 17
VisualStudioVersion = 17.3.32901.215
MinimumVisualStudioVersion = 10.0.40219.1
Project("{FAE04EC0-301F-11D3-BF4B-00C04F79EFBC}") = "labaform3", "labaform3\labaform3.csproj", "{CE73F21F-7C6F-4D30-8DA7-0AB34B2B1049}"
EndProject
Global
	GlobalSection(SolutionConfigurationPlatforms) = preSolution
		Debug|Any CPU = Debug|Any CPU
		Release|Any CPU = Release|Any CPU
	EndGlobalSection
	GlobalSection(ProjectConfigurationPlatforms) = postSolution
		{CE73F21F-7C6F-4D30-8DA7-0AB34B2B1049}.Debug|Any CPU.ActiveCfg = Debug|Any CPU
		{CE73F21F-7C6F-4D30-8DA7-0AB34B2B1049}.Debug|Any CPU.Build.0 = Debug|Any CPU
		{CE73F21F-7C6F-4D30-8DA7-0AB34B2B1049}.Release|Any CPU.ActiveCfg = Release|Any CPU
		{CE73F21F-7C6F-4D30-8DA7-0AB34B2B1049}.Release|Any CPU.Build.0 = Release|Any CPU
	EndGlobalSection
	GlobalSection(SolutionProperties) = preSolution
		HideSolutionNode = FALSE
	EndGlobalSection
	GlobalSection(ExtensibilityGlobals) = postSolution
		SolutionGuid = {9EBDE840-5E98-4BEE-93C1-9CC8C962141E}
	EndGlobalSection
EndGlobal
